
Microsoft Visual Studio Solution File, Format Version 12.00
# Visual Studio Version 16
VisualStudioVersion = 16.0.31105.61
MinimumVisualStudioVersion = 10.0.40219.1
Project("{FAE04EC0-301F-11D3-BF4B-00C04F79EFBC}") = "XamAzure.UWP", "XamAzure\XamAzure.UWP\XamAzure.UWP.csproj", "{0D6EE813-B220-444D-B9DF-A36CE211CA48}"
EndProject
Project("{FAE04EC0-301F-11D3-BF4B-00C04F79EFBC}") = "XamAzure.Android", "XamAzure\XamAzure.Android\XamAzure.Android.csproj", "{10FA05C0-6D2F-4873-9962-34C4DB124233}"
EndProject
Project("{FAE04EC0-301F-11D3-BF4B-00C04F79EFBC}") = "XamAzure.iOS", "XamAzure\XamAzure.iOS\XamAzure.iOS.csproj", "{BB7C1819-301C-435F-9DF6-CC5AF0BB0842}"
EndProject
Project("{FAE04EC0-301F-11D3-BF4B-00C04F79EFBC}") = "XamAzure", "XamAzure\XamAzure\XamAzure.csproj", "{48DF069D-38A1-4CEE-8789-B80799572C77}"
EndProject
Project("{FAE04EC0-301F-11D3-BF4B-00C04F79EFBC}") = "XamAzureApi", "XamAzureApi\XamAzureApi.csproj", "{FC10ECE8-59D0-45EC-9482-F2BEBA523C60}"
EndProject
Global
	GlobalSection(SolutionConfigurationPlatforms) = preSolution
		Debug|Any CPU = Debug|Any CPU
		Debug|ARM = Debug|ARM
		Debug|iPhone = Debug|iPhone
		Debug|iPhoneSimulator = Debug|iPhoneSimulator
		Debug|x64 = Debug|x64
		Debug|x86 = Debug|x86
		Release|Any CPU = Release|Any CPU
		Release|ARM = Release|ARM
		Release|iPhone = Release|iPhone
		Release|iPhoneSimulator = Release|iPhoneSimulator
		Release|x64 = Release|x64
		Release|x86 = Release|x86
	EndGlobalSection
	GlobalSection(ProjectConfigurationPlatforms) = postSolution
		{0D6EE813-B220-444D-B9DF-A36CE211CA48}.Debug|Any CPU.ActiveCfg = Debug|x86
		{0D6EE813-B220-444D-B9DF-A36CE211CA48}.Debug|Any CPU.Build.0 = Debug|x86
		{0D6EE813-B220-444D-B9DF-A36CE211CA48}.Debug|Any CPU.Deploy.0 = Debug|x86
		{0D6EE813-B220-444D-B9DF-A36CE211CA48}.Debug|ARM.ActiveCfg = Debug|ARM
		{0D6EE813-B220-444D-B9DF-A36CE211CA48}.Debug|ARM.Build.0 = Debug|ARM
		{0D6EE813-B220-444D-B9DF-A36CE211CA48}.Debug|ARM.Deploy.0 = Debug|ARM
		{0D6EE813-B220-444D-B9DF-A36CE211CA48}.Debug|iPhone.ActiveCfg = Debug|x86
		{0D6EE813-B220-444D-B9DF-A36CE211CA48}.Debug|iPhone.Build.0 = Debug|x86
		{0D6EE813-B220-444D-B9DF-A36CE211CA48}.Debug|iPhone.Deploy.0 = Debug|x86
		{0D6EE813-B220-444D-B9DF-A36CE211CA48}.Debug|iPhoneSimulator.ActiveCfg = Debug|x86
		{0D6EE813-B220-444D-B9DF-A36CE211CA48}.Debug|iPhoneSimulator.Build.0 = Debug|x86
		{0D6EE813-B220-444D-B9DF-A36CE211CA48}.Debug|iPhoneSimulator.Deploy.0 = Debug|x86
		{0D6EE813-B220-444D-B9DF-A36CE211CA48}.Debug|x64.ActiveCfg = Debug|x64
		{0D6EE813-B220-444D-B9DF-A36CE211CA48}.Debug|x64.Build.0 = Debug|x64
		{0D6EE813-B220-444D-B9DF-A36CE211CA48}.Debug|x64.Deploy.0 = Debug|x64
		{0D6EE813-B220-444D-B9DF-A36CE211CA48}.Debug|x86.ActiveCfg = Debug|x86
		{0D6EE813-B220-444D-B9DF-A36CE211CA48}.Debug|x86.Build.0 = Debug|x86
		{0D6EE813-B220-444D-B9DF-A36CE211CA48}.Debug|x86.Deploy.0 = Debug|x86
		{0D6EE813-B220-444D-B9DF-A36CE211CA48}.Release|Any CPU.ActiveCfg = Release|x86
		{0D6EE813-B220-444D-B9DF-A36CE211CA48}.Release|Any CPU.Build.0 = Release|x86
		{0D6EE813-B220-444D-B9DF-A36CE211CA48}.Release|Any CPU.Deploy.0 = Release|x86
		{0D6EE813-B220-444D-B9DF-A36CE211CA48}.Release|ARM.ActiveCfg = Release|ARM
		{0D6EE813-B220-444D-B9DF-A36CE211CA48}.Release|ARM.Build.0 = Release|ARM
		{0D6EE813-B220-444D-B9DF-A36CE211CA48}.Release|ARM.Deploy.0 = Release|ARM
		{0D6EE813-B220-444D-B9DF-A36CE211CA48}.Release|iPhone.ActiveCfg = Release|x86
		{0D6EE813-B220-444D-B9DF-A36CE211CA48}.Release|iPhone.Build.0 = Release|x86
		{0D6EE813-B220-444D-B9DF-A36CE211CA48}.Release|iPhone.Deploy.0 = Release|x86
		{0D6EE813-B220-444D-B9DF-A36CE211CA48}.Release|iPhoneSimulator.ActiveCfg = Release|x86
		{0D6EE813-B220-444D-B9DF-A36CE211CA48}.Release|iPhoneSimulator.Build.0 = Release|x86
		{0D6EE813-B220-444D-B9DF-A36CE211CA48}.Release|iPhoneSimulator.Deploy.0 = Release|x86
		{0D6EE813-B220-444D-B9DF-A36CE211CA48}.Release|x64.ActiveCfg = Release|x64
		{0D6EE813-B220-444D-B9DF-A36CE211CA48}.Release|x64.Build.0 = Release|x64
		{0D6EE813-B220-444D-B9DF-A36CE211CA48}.Release|x64.Deploy.0 = Release|x64
		{0D6EE813-B220-444D-B9DF-A36CE211CA48}.Release|x86.ActiveCfg = Release|x86
		{0D6EE813-B220-444D-B9DF-A36CE211CA48}.Release|x86.Build.0 = Release|x86
		{0D6EE813-B220-444D-B9DF-A36CE211CA48}.Release|x86.Deploy.0 = Release|x86
		{10FA05C0-6D2F-4873-9962-34C4DB124233}.Debug|Any CPU.ActiveCfg = Debug|Any CPU
		{10FA05C0-6D2F-4873-9962-34C4DB124233}.Debug|Any CPU.Build.0 = Debug|Any CPU
		{10FA05C0-6D2F-4873-9962-34C4DB124233}.Debug|Any CPU.Deploy.0 = Debug|Any CPU
		{10FA05C0-6D2F-4873-9962-34C4DB124233}.Debug|ARM.ActiveCfg = Debug|Any CPU
		{10FA05C0-6D2F-4873-9962-34C4DB124233}.Debug|ARM.Build.0 = Debug|Any CPU
		{10FA05C0-6D2F-4873-9962-34C4DB124233}.Debug|ARM.Deploy.0 = Debug|Any CPU
		{10FA05C0-6D2F-4873-9962-34C4DB124233}.Debug|iPhone.ActiveCfg = Debug|Any CPU
		{10FA05C0-6D2F-4873-9962-34C4DB124233}.Debug|iPhone.Build.0 = Debug|Any CPU
		{10FA05C0-6D2F-4873-9962-34C4DB124233}.Debug|iPhone.Deploy.0 = Debug|Any CPU
		{10FA05C0-6D2F-4873-9962-34C4DB124233}.Debug|iPhoneSimulator.ActiveCfg = Debug|Any CPU
		{10FA05C0-6D2F-4873-9962-34C4DB124233}.Debug|iPhoneSimulator.Build.0 = Debug|Any CPU
		{10FA05C0-6D2F-4873-9962-34C4DB124233}.Debug|iPhoneSimulator.Deploy.0 = Debug|Any CPU
		{10FA05C0-6D2F-4873-9962-34C4DB124233}.Debug|x64.ActiveCfg = Debug|Any CPU
		{10FA05C0-6D2F-4873-9962-34C4DB124233}.Debug|x64.Build.0 = Debug|Any CPU
		{10FA05C0-6D2F-4873-9962-34C4DB124233}.Debug|x64.Deploy.0 = Debug|Any CPU
		{10FA05C0-6D2F-4873-9962-34C4DB124233}.Debug|x86.ActiveCfg = Debug|Any CPU
		{10FA05C0-6D2F-4873-9962-34C4DB124233}.Debug|x86.Build.0 = Debug|Any CPU
		{10FA05C0-6D2F-4873-9962-34C4DB124233}.Debug|x86.Deploy.0 = Debug|Any CPU
		{10FA05C0-6D2F-4873-9962-34C4DB124233}.Release|Any CPU.ActiveCfg = Release|Any CPU
		{10FA05C0-6D2F-4873-9962-34C4DB124233}.Release|Any CPU.Build.0 = Release|Any CPU
		{10FA05C0-6D2F-4873-9962-34C4DB124233}.Release|Any CPU.Deploy.0 = Release|Any CPU
		{10FA05C0-6D2F-4873-9962-34C4DB124233}.Release|ARM.ActiveCfg = Release|Any CPU
		{10FA05C0-6D2F-4873-9962-34C4DB124233}.Release|ARM.Build.0 = Release|Any CPU
		{10FA05C0-6D2F-4873-9962-34C4DB124233}.Release|ARM.Deploy.0 = Release|Any CPU
		{10FA05C0-6D2F-4873-9962-34C4DB124233}.Release|iPhone.ActiveCfg = Release|Any CPU
		{10FA05C0-6D2F-4873-9962-34C4DB124233}.Release|iPhone.Build.0 = Release|Any CPU
		{10FA05C0-6D2F-4873-9962-34C4DB124233}.Release|iPhone.Deploy.0 = Release|Any CPU
		{10FA05C0-6D2F-4873-9962-34C4DB124233}.Release|iPhoneSimulator.ActiveCfg = Release|Any CPU
		{10FA05C0-6D2F-4873-9962-34C4DB124233}.Release|iPhoneSimulator.Build.0 = Release|Any CPU
		{10FA05C0-6D2F-4873-9962-34C4DB124233}.Release|iPhoneSimulator.Deploy.0 = Release|Any CPU
		{10FA05C0-6D2F-4873-9962-34C4DB124233}.Release|x64.ActiveCfg = Release|Any CPU
		{10FA05C0-6D2F-4873-9962-34C4DB124233}.Release|x64.Build.0 = Release|Any CPU
		{10FA05C0-6D2F-4873-9962-34C4DB124233}.Release|x64.Deploy.0 = Release|Any CPU
		{10FA05C0-6D2F-4873-9962-34C4DB124233}.Release|x86.ActiveCfg = Release|Any CPU
		{10FA05C0-6D2F-4873-9962-34C4DB124233}.Release|x86.Build.0 = Release|Any CPU
		{10FA05C0-6D2F-4873-9962-34C4DB124233}.Release|x86.Deploy.0 = Release|Any CPU
		{BB7C1819-301C-435F-9DF6-CC5AF0BB0842}.Debug|Any CPU.ActiveCfg = Debug|iPhoneSimulator
		{BB7C1819-301C-435F-9DF6-CC5AF0BB0842}.Debug|Any CPU.Build.0 = Debug|iPhoneSimulator
		{BB7C1819-301C-435F-9DF6-CC5AF0BB0842}.Debug|Any CPU.Deploy.0 = Debug|iPhoneSimulator
		{BB7C1819-301C-435F-9DF6-CC5AF0BB0842}.Debug|ARM.ActiveCfg = Debug|iPhone
		{BB7C1819-301C-435F-9DF6-CC5AF0BB0842}.Debug|ARM.Build.0 = Debug|iPhone
		{BB7C1819-301C-435F-9DF6-CC5AF0BB0842}.Debug|ARM.Deploy.0 = Debug|iPhone
		{BB7C1819-301C-435F-9DF6-CC5AF0BB0842}.Debug|iPhone.ActiveCfg = Debug|iPhone
		{BB7C1819-301C-435F-9DF6-CC5AF0BB0842}.Debug|iPhone.Build.0 = Debug|iPhone
		{BB7C1819-301C-435F-9DF6-CC5AF0BB0842}.Debug|iPhone.Deploy.0 = Debug|iPhone
		{BB7C1819-301C-435F-9DF6-CC5AF0BB0842}.Debug|iPhoneSimulator.ActiveCfg = Debug|iPhoneSimulator
		{BB7C1819-301C-435F-9DF6-CC5AF0BB0842}.Debug|iPhoneSimulator.Build.0 = Debug|iPhoneSimulator
		{BB7C1819-301C-435F-9DF6-CC5AF0BB0842}.Debug|iPhoneSimulator.Deploy.0 = Debug|iPhoneSimulator
		{BB7C1819-301C-435F-9DF6-CC5AF0BB0842}.Debug|x64.ActiveCfg = Debug|iPhoneSimulator
		{BB7C1819-301C-435F-9DF6-CC5AF0BB0842}.Debug|x64.Build.0 = Debug|iPhoneSimulator
		{BB7C1819-301C-435F-9DF6-CC5AF0BB0842}.Debug|x64.Deploy.0 = Debug|iPhoneSimulator
		{BB7C1819-301C-435F-9DF6-CC5AF0BB0842}.Debug|x86.ActiveCfg = Debug|iPhoneSimulator
		{BB7C1819-301C-435F-9DF6-CC5AF0BB0842}.Debug|x86.Build.0 = Debug|iPhoneSimulator
		{BB7C1819-301C-435F-9DF6-CC5AF0BB0842}.Debug|x86.Deploy.0 = Debug|iPhoneSimulator
		{BB7C1819-301C-435F-9DF6-CC5AF0BB0842}.Release|Any CPU.ActiveCfg = Release|iPhoneSimulator
		{BB7C1819-301C-435F-9DF6-CC5AF0BB0842}.Release|Any CPU.Build.0 = Release|iPhoneSimulator
		{BB7C1819-301C-435F-9DF6-CC5AF0BB0842}.Release|Any CPU.Deploy.0 = Release|iPhoneSimulator
		{BB7C1819-301C-435F-9DF6-CC5AF0BB0842}.Release|ARM.ActiveCfg = Release|iPhoneSimulator
		{BB7C1819-301C-435F-9DF6-CC5AF0BB0842}.Release|ARM.Build.0 = Release|iPhoneSimulator
		{BB7C1819-301C-435F-9DF6-CC5AF0BB0842}.Release|ARM.Deploy.0 = Release|iPhoneSimulator
		{BB7C1819-301C-435F-9DF6-CC5AF0BB0842}.Release|iPhone.ActiveCfg = Release|iPhone
		{BB7C1819-301C-435F-9DF6-CC5AF0BB0842}.Release|iPhone.Build.0 = Release|iPhone
		{BB7C1819-301C-435F-9DF6-CC5AF0BB0842}.Release|iPhone.Deploy.0 = Release|iPhone
		{BB7C1819-301C-435F-9DF6-CC5AF0BB0842}.Release|iPhoneSimulator.ActiveCfg = Release|iPhoneSimulator
		{BB7C1819-301C-435F-9DF6-CC5AF0BB0842}.Release|iPhoneSimulator.Build.0 = Release|iPhoneSimulator
		{BB7C1819-301C-435F-9DF6-CC5AF0BB0842}.Release|iPhoneSimulator.Deploy.0 = Release|iPhoneSimulator
		{BB7C1819-301C-435F-9DF6-CC5AF0BB0842}.Release|x64.ActiveCfg = Release|iPhoneSimulator
		{BB7C1819-301C-435F-9DF6-CC5AF0BB0842}.Release|x64.Build.0 = Release|iPhoneSimulator
		{BB7C1819-301C-435F-9DF6-CC5AF0BB0842}.Release|x64.Deploy.0 = Release|iPhoneSimulator
		{BB7C1819-301C-435F-9DF6-CC5AF0BB0842}.Release|x86.ActiveCfg = Release|iPhoneSimulator
		{BB7C1819-301C-435F-9DF6-CC5AF0BB0842}.Release|x86.Build.0 = Release|iPhoneSimulator
		{BB7C1819-301C-435F-9DF6-CC5AF0BB0842}.Release|x86.Deploy.0 = Release|iPhoneSimulator
		{48DF069D-38A1-4CEE-8789-B80799572C77}.Debug|Any CPU.ActiveCfg = Debug|Any CPU
		{48DF069D-38A1-4CEE-8789-B80799572C77}.Debug|Any CPU.Build.0 = Debug|Any CPU
		{48DF069D-38A1-4CEE-8789-B80799572C77}.Debug|Any CPU.Deploy.0 = Debug|Any CPU
		{48DF069D-38A1-4CEE-8789-B80799572C77}.Debug|ARM.ActiveCfg = Debug|Any CPU
		{48DF069D-38A1-4CEE-8789-B80799572C77}.Debug|ARM.Build.0 = Debug|Any CPU
		{48DF069D-38A1-4CEE-8789-B80799572C77}.Debug|ARM.Deploy.0 = Debug|Any CPU
		{48DF069D-38A1-4CEE-8789-B80799572C77}.Debug|iPhone.ActiveCfg = Debug|Any CPU
		{48DF069D-38A1-4CEE-8789-B80799572C77}.Debug|iPhone.Build.0 = Debug|Any CPU
		{48DF069D-38A1-4CEE-8789-B80799572C77}.Debug|iPhone.Deploy.0 = Debug|Any CPU
		{48DF069D-38A1-4CEE-8789-B80799572C77}.Debug|iPhoneSimulator.ActiveCfg = Debug|Any CPU
		{48DF069D-38A1-4CEE-8789-B80799572C77}.Debug|iPhoneSimulator.Build.0 = Debug|Any CPU
		{48DF069D-38A1-4CEE-8789-B80799572C77}.Debug|iPhoneSimulator.Deploy.0 = Debug|Any CPU
		{48DF069D-38A1-4CEE-8789-B80799572C77}.Debug|x64.ActiveCfg = Debug|Any CPU
		{48DF069D-38A1-4CEE-8789-B80799572C77}.Debug|x64.Build.0 = Debug|Any CPU
		{48DF069D-38A1-4CEE-8789-B80799572C77}.Debug|x64.Deploy.0 = Debug|Any CPU
		{48DF069D-38A1-4CEE-8789-B80799572C77}.Debug|x86.ActiveCfg = Debug|Any CPU
		{48DF069D-38A1-4CEE-8789-B80799572C77}.Debug|x86.Build.0 = Debug|Any CPU
		{48DF069D-38A1-4CEE-8789-B80799572C77}.Debug|x86.Deploy.0 = Debug|Any CPU
		{48DF069D-38A1-4CEE-8789-B80799572C77}.Release|Any CPU.ActiveCfg = Release|Any CPU
		{48DF069D-38A1-4CEE-8789-B80799572C77}.Release|Any CPU.Build.0 = Release|Any CPU
		{48DF069D-38A1-4CEE-8789-B80799572C77}.Release|Any CPU.Deploy.0 = Release|Any CPU
		{48DF069D-38A1-4CEE-8789-B80799572C77}.Release|ARM.ActiveCfg = Release|Any CPU
		{48DF069D-38A1-4CEE-8789-B80799572C77}.Release|ARM.Build.0 = Release|Any CPU
		{48DF069D-38A1-4CEE-8789-B80799572C77}.Release|ARM.Deploy.0 = Release|Any CPU
		{48DF069D-38A1-4CEE-8789-B80799572C77}.Release|iPhone.ActiveCfg = Release|Any CPU
		{48DF069D-38A1-4CEE-8789-B80799572C77}.Release|iPhone.Build.0 = Release|Any CPU
		{48DF069D-38A1-4CEE-8789-B80799572C77}.Release|iPhone.Deploy.0 = Release|Any CPU
		{48DF069D-38A1-4CEE-8789-B80799572C77}.Release|iPhoneSimulator.ActiveCfg = Release|Any CPU
		{48DF069D-38A1-4CEE-8789-B80799572C77}.Release|iPhoneSimulator.Build.0 = Release|Any CPU
		{48DF069D-38A1-4CEE-8789-B80799572C77}.Release|iPhoneSimulator.Deploy.0 = Release|Any CPU
		{48DF069D-38A1-4CEE-8789-B80799572C77}.Release|x64.ActiveCfg = Release|Any CPU
		{48DF069D-38A1-4CEE-8789-B80799572C77}.Release|x64.Build.0 = Release|Any CPU
		{48DF069D-38A1-4CEE-8789-B80799572C77}.Release|x64.Deploy.0 = Release|Any CPU
		{48DF069D-38A1-4CEE-8789-B80799572C77}.Release|x86.ActiveCfg = Release|Any CPU
		{48DF069D-38A1-4CEE-8789-B80799572C77}.Release|x86.Build.0 = Release|Any CPU
		{48DF069D-38A1-4CEE-8789-B80799572C77}.Release|x86.Deploy.0 = Release|Any CPU
		{FC10ECE8-59D0-45EC-9482-F2BEBA523C60}.Debug|Any CPU.ActiveCfg = Debug|Any CPU
		{FC10ECE8-59D0-45EC-9482-F2BEBA523C60}.Debug|Any CPU.Build.0 = Debug|Any CPU
		{FC10ECE8-59D0-45EC-9482-F2BEBA523C60}.Debug|ARM.ActiveCfg = Debug|Any CPU
		{FC10ECE8-59D0-45EC-9482-F2BEBA523C60}.Debug|ARM.Build.0 = Debug|Any CPU
		{FC10ECE8-59D0-45EC-9482-F2BEBA523C60}.Debug|iPhone.ActiveCfg = Debug|Any CPU
		{FC10ECE8-59D0-45EC-9482-F2BEBA523C60}.Debug|iPhone.Build.0 = Debug|Any CPU
		{FC10ECE8-59D0-45EC-9482-F2BEBA523C60}.Debug|iPhoneSimulator.ActiveCfg = Debug|Any CPU
		{FC10ECE8-59D0-45EC-9482-F2BEBA523C60}.Debug|iPhoneSimulator.Build.0 = Debug|Any CPU
		{FC10ECE8-59D0-45EC-9482-F2BEBA523C60}.Debug|x64.ActiveCfg = Debug|Any CPU
		{FC10ECE8-59D0-45EC-9482-F2BEBA523C60}.Debug|x64.Build.0 = Debug|Any CPU
		{FC10ECE8-59D0-45EC-9482-F2BEBA523C60}.Debug|x86.ActiveCfg = Debug|Any CPU
		{FC10ECE8-59D0-45EC-9482-F2BEBA523C60}.Debug|x86.Build.0 = Debug|Any CPU
		{FC10ECE8-59D0-45EC-9482-F2BEBA523C60}.Release|Any CPU.ActiveCfg = Release|Any CPU
		{FC10ECE8-59D0-45EC-9482-F2BEBA523C60}.Release|Any CPU.Build.0 = Release|Any CPU
		{FC10ECE8-59D0-45EC-9482-F2BEBA523C60}.Release|ARM.ActiveCfg = Release|Any CPU
		{FC10ECE8-59D0-45EC-9482-F2BEBA523C60}.Release|ARM.Build.0 = Release|Any CPU
		{FC10ECE8-59D0-45EC-9482-F2BEBA523C60}.Release|iPhone.ActiveCfg = Release|Any CPU
		{FC10ECE8-59D0-45EC-9482-F2BEBA523C60}.Release|iPhone.Build.0 = Release|Any CPU
		{FC10ECE8-59D0-45EC-9482-F2BEBA523C60}.Release|iPhoneSimulator.ActiveCfg = Release|Any CPU
		{FC10ECE8-59D0-45EC-9482-F2BEBA523C60}.Release|iPhoneSimulator.Build.0 = Release|Any CPU
		{FC10ECE8-59D0-45EC-9482-F2BEBA523C60}.Release|x64.ActiveCfg = Release|Any CPU
		{FC10ECE8-59D0-45EC-9482-F2BEBA523C60}.Release|x64.Build.0 = Release|Any CPU
		{FC10ECE8-59D0-45EC-9482-F2BEBA523C60}.Release|x86.ActiveCfg = Release|Any CPU
		{FC10ECE8-59D0-45EC-9482-F2BEBA523C60}.Release|x86.Build.0 = Release|Any CPU
	EndGlobalSection
	GlobalSection(SolutionProperties) = preSolution
		HideSolutionNode = FALSE
	EndGlobalSection
	GlobalSection(ExtensibilityGlobals) = postSolution
		SolutionGuid = {93CA5846-B8E4-4AE0-8964-DA64DD7676D6}
	EndGlobalSection
EndGlobal
